
Microsoft Visual Studio Solution File, Format Version 12.00
# Visual Studio Version 17
VisualStudioVersion = 17.2.32519.379
MinimumVisualStudioVersion = 10.0.40219.1
Project("{9A19103F-16F7-4668-BE54-9A1E7A4F7556}") = "Basket.Application", "Basket.Application\Basket.Application.csproj", "{AA71F8F0-3A2D-4BA4-B07B-F71DE7D59DD2}"
EndProject
Project("{9A19103F-16F7-4668-BE54-9A1E7A4F7556}") = "Basket.Domain", "Basket.Domain\Basket.Domain.csproj", "{FE46FAE7-EED4-4E5F-B1FD-B680A9AB16F2}"
EndProject
Project("{9A19103F-16F7-4668-BE54-9A1E7A4F7556}") = "Basket.Infrastructure", "Basket.Infrastructure\Basket.Infrastructure.csproj", "{DB910881-A384-44F3-992C-76058784F214}"
EndProject
Project("{2150E333-8FDC-42A3-9474-1A3956D46DE8}") = "Microservices", "Microservices", "{E47C70E5-0EB9-404D-8919-D6C7B2960F5B}"
EndProject
Project("{2150E333-8FDC-42A3-9474-1A3956D46DE8}") = "Basket", "Basket", "{EDC6A503-BE17-4AC1-9625-4198A3C14013}"
EndProject
Project("{2150E333-8FDC-42A3-9474-1A3956D46DE8}") = "Customer", "Customer", "{2A4FD7BE-10A8-4592-80AD-C1953ECE2232}"
EndProject
Project("{9A19103F-16F7-4668-BE54-9A1E7A4F7556}") = "Customer.API", "Customer.API\Customer.API.csproj", "{25EBF1CE-AFB8-4FD2-B189-841018629E12}"
EndProject
Project("{9A19103F-16F7-4668-BE54-9A1E7A4F7556}") = "Customer.Application", "Customer.Application\Customer.Application.csproj", "{124A4432-3B1C-47F8-BF2D-7A69F9600565}"
EndProject
Project("{9A19103F-16F7-4668-BE54-9A1E7A4F7556}") = "Customer.Domian", "Customer.Domian\Customer.Domian.csproj", "{E3947FE6-0DED-46C6-9FA3-76B321D41C84}"
EndProject
Project("{9A19103F-16F7-4668-BE54-9A1E7A4F7556}") = "Customer.Infrastructure", "Customer.Infrastructure\Customer.Infrastructure.csproj", "{8F98C17C-E473-4DB3-81F0-1C89828E29E9}"
EndProject
Project("{2150E333-8FDC-42A3-9474-1A3956D46DE8}") = "Data", "Data", "{77D35D8D-1578-4F05-B794-C9FAC49A6A4E}"
EndProject
Project("{9A19103F-16F7-4668-BE54-9A1E7A4F7556}") = "Checkout.Migrations", "Checkout.Migrations\Checkout.Migrations.csproj", "{4ED5EA08-D8A9-4F1E-8DB7-F29FBA2005B4}"
EndProject
Project("{E53339B2-1760-4266-BCC7-CA923CBCF16C}") = "docker-compose", "docker-compose.dcproj", "{9E7E2652-DD41-4080-9ED3-02DF8477D309}"
EndProject
Project("{9A19103F-16F7-4668-BE54-9A1E7A4F7556}") = "Basket.API", "Basket\Basket.API.csproj", "{A614EE8D-50F4-4428-A8E2-D50D7449A2B2}"
EndProject
Global
	GlobalSection(SolutionConfigurationPlatforms) = preSolution
		Debug|Any CPU = Debug|Any CPU
		Release|Any CPU = Release|Any CPU
	EndGlobalSection
	GlobalSection(ProjectConfigurationPlatforms) = postSolution
		{AA71F8F0-3A2D-4BA4-B07B-F71DE7D59DD2}.Debug|Any CPU.ActiveCfg = Debug|Any CPU
		{AA71F8F0-3A2D-4BA4-B07B-F71DE7D59DD2}.Debug|Any CPU.Build.0 = Debug|Any CPU
		{AA71F8F0-3A2D-4BA4-B07B-F71DE7D59DD2}.Release|Any CPU.ActiveCfg = Release|Any CPU
		{AA71F8F0-3A2D-4BA4-B07B-F71DE7D59DD2}.Release|Any CPU.Build.0 = Release|Any CPU
		{FE46FAE7-EED4-4E5F-B1FD-B680A9AB16F2}.Debug|Any CPU.ActiveCfg = Debug|Any CPU
		{FE46FAE7-EED4-4E5F-B1FD-B680A9AB16F2}.Debug|Any CPU.Build.0 = Debug|Any CPU
		{FE46FAE7-EED4-4E5F-B1FD-B680A9AB16F2}.Release|Any CPU.ActiveCfg = Release|Any CPU
		{FE46FAE7-EED4-4E5F-B1FD-B680A9AB16F2}.Release|Any CPU.Build.0 = Release|Any CPU
		{DB910881-A384-44F3-992C-76058784F214}.Debug|Any CPU.ActiveCfg = Debug|Any CPU
		{DB910881-A384-44F3-992C-76058784F214}.Debug|Any CPU.Build.0 = Debug|Any CPU
		{DB910881-A384-44F3-992C-76058784F214}.Release|Any CPU.ActiveCfg = Release|Any CPU
		{DB910881-A384-44F3-992C-76058784F214}.Release|Any CPU.Build.0 = Release|Any CPU
		{25EBF1CE-AFB8-4FD2-B189-841018629E12}.Debug|Any CPU.ActiveCfg = Debug|Any CPU
		{25EBF1CE-AFB8-4FD2-B189-841018629E12}.Debug|Any CPU.Build.0 = Debug|Any CPU
		{25EBF1CE-AFB8-4FD2-B189-841018629E12}.Release|Any CPU.ActiveCfg = Release|Any CPU
		{25EBF1CE-AFB8-4FD2-B189-841018629E12}.Release|Any CPU.Build.0 = Release|Any CPU
		{124A4432-3B1C-47F8-BF2D-7A69F9600565}.Debug|Any CPU.ActiveCfg = Debug|Any CPU
		{124A4432-3B1C-47F8-BF2D-7A69F9600565}.Debug|Any CPU.Build.0 = Debug|Any CPU
		{124A4432-3B1C-47F8-BF2D-7A69F9600565}.Release|Any CPU.ActiveCfg = Release|Any CPU
		{124A4432-3B1C-47F8-BF2D-7A69F9600565}.Release|Any CPU.Build.0 = Release|Any CPU
		{E3947FE6-0DED-46C6-9FA3-76B321D41C84}.Debug|Any CPU.ActiveCfg = Debug|Any CPU
		{E3947FE6-0DED-46C6-9FA3-76B321D41C84}.Debug|Any CPU.Build.0 = Debug|Any CPU
		{E3947FE6-0DED-46C6-9FA3-76B321D41C84}.Release|Any CPU.ActiveCfg = Release|Any CPU
		{E3947FE6-0DED-46C6-9FA3-76B321D41C84}.Release|Any CPU.Build.0 = Release|Any CPU
		{8F98C17C-E473-4DB3-81F0-1C89828E29E9}.Debug|Any CPU.ActiveCfg = Debug|Any CPU
		{8F98C17C-E473-4DB3-81F0-1C89828E29E9}.Debug|Any CPU.Build.0 = Debug|Any CPU
		{8F98C17C-E473-4DB3-81F0-1C89828E29E9}.Release|Any CPU.ActiveCfg = Release|Any CPU
		{8F98C17C-E473-4DB3-81F0-1C89828E29E9}.Release|Any CPU.Build.0 = Release|Any CPU
		{4ED5EA08-D8A9-4F1E-8DB7-F29FBA2005B4}.Debug|Any CPU.ActiveCfg = Debug|Any CPU
		{4ED5EA08-D8A9-4F1E-8DB7-F29FBA2005B4}.Debug|Any CPU.Build.0 = Debug|Any CPU
		{4ED5EA08-D8A9-4F1E-8DB7-F29FBA2005B4}.Release|Any CPU.ActiveCfg = Release|Any CPU
		{4ED5EA08-D8A9-4F1E-8DB7-F29FBA2005B4}.Release|Any CPU.Build.0 = Release|Any CPU
		{9E7E2652-DD41-4080-9ED3-02DF8477D309}.Debug|Any CPU.ActiveCfg = Debug|Any CPU
		{9E7E2652-DD41-4080-9ED3-02DF8477D309}.Debug|Any CPU.Build.0 = Debug|Any CPU
		{9E7E2652-DD41-4080-9ED3-02DF8477D309}.Release|Any CPU.ActiveCfg = Release|Any CPU
		{9E7E2652-DD41-4080-9ED3-02DF8477D309}.Release|Any CPU.Build.0 = Release|Any CPU
		{A614EE8D-50F4-4428-A8E2-D50D7449A2B2}.Debug|Any CPU.ActiveCfg = Debug|Any CPU
		{A614EE8D-50F4-4428-A8E2-D50D7449A2B2}.Debug|Any CPU.Build.0 = Debug|Any CPU
		{A614EE8D-50F4-4428-A8E2-D50D7449A2B2}.Release|Any CPU.ActiveCfg = Release|Any CPU
		{A614EE8D-50F4-4428-A8E2-D50D7449A2B2}.Release|Any CPU.Build.0 = Release|Any CPU
	EndGlobalSection
	GlobalSection(SolutionProperties) = preSolution
		HideSolutionNode = FALSE
	EndGlobalSection
	GlobalSection(NestedProjects) = preSolution
		{AA71F8F0-3A2D-4BA4-B07B-F71DE7D59DD2} = {EDC6A503-BE17-4AC1-9625-4198A3C14013}
		{FE46FAE7-EED4-4E5F-B1FD-B680A9AB16F2} = {EDC6A503-BE17-4AC1-9625-4198A3C14013}
		{DB910881-A384-44F3-992C-76058784F214} = {EDC6A503-BE17-4AC1-9625-4198A3C14013}
		{EDC6A503-BE17-4AC1-9625-4198A3C14013} = {E47C70E5-0EB9-404D-8919-D6C7B2960F5B}
		{2A4FD7BE-10A8-4592-80AD-C1953ECE2232} = {E47C70E5-0EB9-404D-8919-D6C7B2960F5B}
		{25EBF1CE-AFB8-4FD2-B189-841018629E12} = {2A4FD7BE-10A8-4592-80AD-C1953ECE2232}
		{124A4432-3B1C-47F8-BF2D-7A69F9600565} = {2A4FD7BE-10A8-4592-80AD-C1953ECE2232}
		{E3947FE6-0DED-46C6-9FA3-76B321D41C84} = {2A4FD7BE-10A8-4592-80AD-C1953ECE2232}
		{8F98C17C-E473-4DB3-81F0-1C89828E29E9} = {2A4FD7BE-10A8-4592-80AD-C1953ECE2232}
		{4ED5EA08-D8A9-4F1E-8DB7-F29FBA2005B4} = {77D35D8D-1578-4F05-B794-C9FAC49A6A4E}
		{A614EE8D-50F4-4428-A8E2-D50D7449A2B2} = {EDC6A503-BE17-4AC1-9625-4198A3C14013}
	EndGlobalSection
	GlobalSection(ExtensibilityGlobals) = postSolution
		SolutionGuid = {CB8AB15B-4BAF-4FDE-AF8D-362D54240F7B}
	EndGlobalSection
EndGlobal
